
Microsoft Visual Studio Solution File, Format Version 12.00
# Visual Studio 15
VisualStudioVersion = 15.0.26730.12
MinimumVisualStudioVersion = 10.0.40219.1
Project("{FAE04EC0-301F-11D3-BF4B-00C04F79EFBC}") = "BomAluno", "BomAluno\BomAluno.csproj", "{7DEE9340-D5A9-4EDC-BF08-5D71B10DCACE}"
EndProject
Project("{FAE04EC0-301F-11D3-BF4B-00C04F79EFBC}") = "BaseModel", "BaseModel\BaseModel.csproj", "{24D80170-5AEB-492C-881B-FE0515545271}"
EndProject
Global
	GlobalSection(SolutionConfigurationPlatforms) = preSolution
		Debug|Any CPU = Debug|Any CPU
		Release|Any CPU = Release|Any CPU
	EndGlobalSection
	GlobalSection(ProjectConfigurationPlatforms) = postSolution
		{7DEE9340-D5A9-4EDC-BF08-5D71B10DCACE}.Debug|Any CPU.ActiveCfg = Debug|Any CPU
		{7DEE9340-D5A9-4EDC-BF08-5D71B10DCACE}.Debug|Any CPU.Build.0 = Debug|Any CPU
		{7DEE9340-D5A9-4EDC-BF08-5D71B10DCACE}.Release|Any CPU.ActiveCfg = Release|Any CPU
		{7DEE9340-D5A9-4EDC-BF08-5D71B10DCACE}.Release|Any CPU.Build.0 = Release|Any CPU
		{24D80170-5AEB-492C-881B-FE0515545271}.Debug|Any CPU.ActiveCfg = Debug|Any CPU
		{24D80170-5AEB-492C-881B-FE0515545271}.Debug|Any CPU.Build.0 = Debug|Any CPU
		{24D80170-5AEB-492C-881B-FE0515545271}.Release|Any CPU.ActiveCfg = Release|Any CPU
		{24D80170-5AEB-492C-881B-FE0515545271}.Release|Any CPU.Build.0 = Release|Any CPU
	EndGlobalSection
	GlobalSection(SolutionProperties) = preSolution
		HideSolutionNode = FALSE
	EndGlobalSection
	GlobalSection(ExtensibilityGlobals) = postSolution
		SolutionGuid = {3AC5F5BF-994D-4104-8E37-C22D73570422}
	EndGlobalSection
EndGlobal
